// !$*UTF8*$!
{
	archiveVersion = 1;
	classes = {
	};
	objectVersion = 46;
	objects = {

/* Begin PBXBuildFile section */
		91B9378F1E601D9F00F7D202 /* AppDelegate.swift in Sources */ = {isa = PBXBuildFile; fileRef = 91B9378E1E601D9F00F7D202 /* AppDelegate.swift */; };
		91B937911E601D9F00F7D202 /* ViewController.swift in Sources */ = {isa = PBXBuildFile; fileRef = 91B937901E601D9F00F7D202 /* ViewController.swift */; };
		91B937941E601D9F00F7D202 /* Main.storyboard in Resources */ = {isa = PBXBuildFile; fileRef = 91B937921E601D9F00F7D202 /* Main.storyboard */; };
		91B937961E601D9F00F7D202 /* Assets.xcassets in Resources */ = {isa = PBXBuildFile; fileRef = 91B937951E601D9F00F7D202 /* Assets.xcassets */; };
		91B937991E601D9F00F7D202 /* LaunchScreen.storyboard in Resources */ = {isa = PBXBuildFile; fileRef = 91B937971E601D9F00F7D202 /* LaunchScreen.storyboard */; };
		91B937A11E63376100F7D202 /* demo1.html in Resources */ = {isa = PBXBuildFile; fileRef = 91B937A01E63376000F7D202 /* demo1.html */; };
		91B937A31E63399B00F7D202 /* demo.html in Resources */ = {isa = PBXBuildFile; fileRef = 91B937A21E63399B00F7D202 /* demo.html */; };
		91B937A51E63C8A800F7D202 /* apple-ios-swift-start.pdf in Resources */ = {isa = PBXBuildFile; fileRef = 91B937A41E63C8A800F7D202 /* apple-ios-swift-start.pdf */; };
/* End PBXBuildFile section */

/* Begin PBXFileReference section */
		91B9378B1E601D9F00F7D202 /* SwiftJavascriptCore.app */ = {isa = PBXFileReference; explicitFileType = wrapper.application; includeInIndex = 0; path = SwiftJavascriptCore.app; sourceTree = BUILT_PRODUCTS_DIR; };
		91B9378E1E601D9F00F7D202 /* AppDelegate.swift */ = {isa = PBXFileReference; lastKnownFileType = sourcecode.swift; path = AppDelegate.swift; sourceTree = "<group>"; };
		91B937901E601D9F00F7D202 /* ViewController.swift */ = {isa = PBXFileReference; lastKnownFileType = sourcecode.swift; path = ViewController.swift; sourceTree = "<group>"; };
		91B937931E601D9F00F7D202 /* Base */ = {isa = PBXFileReference; lastKnownFileType = file.storyboard; name = Base; path = Base.lproj/Main.storyboard; sourceTree = "<group>"; };
		91B937951E601D9F00F7D202 /* Assets.xcassets */ = {isa = PBXFileReference; lastKnownFileType = folder.assetcatalog; path = Assets.xcassets; sourceTree = "<group>"; };
		91B937981E601D9F00F7D202 /* Base */ = {isa = PBXFileReference; lastKnownFileType = file.storyboard; name = Base; path = Base.lproj/LaunchScreen.storyboard; sourceTree = "<group>"; };
		91B9379A1E601D9F00F7D202 /* Info.plist */ = {isa = PBXFileReference; lastKnownFileType = text.plist.xml; path = Info.plist; sourceTree = "<group>"; };
		91B937A01E63376000F7D202 /* demo1.html */ = {isa = PBXFileReference; fileEncoding = 4; lastKnownFileType = text.html; path = demo1.html; sourceTree = "<group>"; };
		91B937A21E63399B00F7D202 /* demo.html */ = {isa = PBXFileReference; fileEncoding = 4; lastKnownFileType = text.html; name = demo.html; path = ../../../demo.html; sourceTree = "<group>"; };
		91B937A41E63C8A800F7D202 /* apple-ios-swift-start.pdf */ = {isa = PBXFileReference; lastKnownFileType = image.pdf; path = "apple-ios-swift-start.pdf"; sourceTree = "<group>"; };
/* End PBXFileReference section */

/* Begin PBXFrameworksBuildPhase section */
		91B937881E601D9F00F7D202 /* Frameworks */ = {
			isa = PBXFrameworksBuildPhase;
			buildActionMask = 2147483647;
			files = (
			);
			runOnlyForDeploymentPostprocessing = 0;
		};
/* End PBXFrameworksBuildPhase section */

/* Begin PBXGroup section */
		91B937821E601D9F00F7D202 = {
			isa = PBXGroup;
			children = (
				91B9378D1E601D9F00F7D202 /* SwiftJavascriptCore */,
				91B9378C1E601D9F00F7D202 /* Products */,
			);
			sourceTree = "<group>";
		};
		91B9378C1E601D9F00F7D202 /* Products */ = {
			isa = PBXGroup;
			children = (
				91B9378B1E601D9F00F7D202 /* SwiftJavascriptCore.app */,
			);
			name = Products;
			sourceTree = "<group>";
		};
		91B9378D1E601D9F00F7D202 /* SwiftJavascriptCore */ = {
			isa = PBXGroup;
			children = (
				91B9378E1E601D9F00F7D202 /* AppDelegate.swift */,
				91B937901E601D9F00F7D202 /* ViewController.swift */,
				91B937921E601D9F00F7D202 /* Main.storyboard */,
				91B937951E601D9F00F7D202 /* Assets.xcassets */,
				91B937971E601D9F00F7D202 /* LaunchScreen.storyboard */,
				91B9379A1E601D9F00F7D202 /* Info.plist */,
				91B937A01E63376000F7D202 /* demo1.html */,
				91B937A41E63C8A800F7D202 /* apple-ios-swift-start.pdf */,
				91B937A21E63399B00F7D202 /* demo.html */,
			);
			path = SwiftJavascriptCore;
			sourceTree = "<group>";
		};
/* End PBXGroup section */

/* Begin PBXNativeTarget section */
		91B9378A1E601D9F00F7D202 /* SwiftJavascriptCore */ = {
			isa = PBXNativeTarget;
			buildConfigurationList = 91B9379D1E601D9F00F7D202 /* Build configuration list for PBXNativeTarget "SwiftJavascriptCore" */;
			buildPhases = (
				91B937871E601D9F00F7D202 /* Sources */,
				91B937881E601D9F00F7D202 /* Frameworks */,
				91B937891E601D9F00F7D202 /* Resources */,
			);
			buildRules = (
			);
			dependencies = (
			);
			name = SwiftJavascriptCore;
			productName = SwiftJavascriptCore;
			productReference = 91B9378B1E601D9F00F7D202 /* SwiftJavascriptCore.app */;
			productType = "com.apple.product-type.application";
		};
/* End PBXNativeTarget section */

/* Begin PBXProject section */
		91B937831E601D9F00F7D202 /* Project object */ = {
			isa = PBXProject;
			attributes = {
				LastSwiftUpdateCheck = 0820;
				LastUpgradeCheck = 0820;
				ORGANIZATIONNAME = "城池";
				TargetAttributes = {
					91B9378A1E601D9F00F7D202 = {
						CreatedOnToolsVersion = 8.2.1;
						ProvisioningStyle = Automatic;
					};
				};
			};
			buildConfigurationList = 91B937861E601D9F00F7D202 /* Build configuration list for PBXProject "SwiftJavascriptCore" */;
			compatibilityVersion = "Xcode 3.2";
			developmentRegion = English;
			hasScannedForEncodings = 0;
			knownRegions = (
				en,
				Base,
			);
			mainGroup = 91B937821E601D9F00F7D202;
			productRefGroup = 91B9378C1E601D9F00F7D202 /* Products */;
			projectDirPath = "";
			projectRoot = "";
			targets = (
				91B9378A1E601D9F00F7D202 /* SwiftJavascriptCore */,
			);
		};
/* End PBXProject section */

/* Begin PBXResourcesBuildPhase section */
		91B937891E601D9F00F7D202 /* Resources */ = {
			isa = PBXResourcesBuildPhase;
			buildActionMask = 2147483647;
			files = (
				91B937991E601D9F00F7D202 /* LaunchScreen.storyboard in Resources */,
				91B937961E601D9F00F7D202 /* Assets.xcassets in Resources */,
				91B937941E601D9F00F7D202 /* Main.storyboard in Resources */,
				91B937A11E63376100F7D202 /* demo1.html in Resources */,
				91B937A51E63C8A800F7D202 /* apple-ios-swift-start.pdf in Resources */,
				91B937A31E63399B00F7D202 /* demo.html in Resources */,
			);
			runOnlyForDeploymentPostprocessing = 0;
		};
/* End PBXResourcesBuildPhase section */

/* Begin PBXSourcesBuildPhase section */
		91B937871E601D9F00F7D202 /* Sources */ = {
			isa = PBXSourcesBuildPhase;
			buildActionMask = 2147483647;
			files = (
				91B937911E601D9F00F7D202 /* ViewController.swift in Sources */,
				91B9378F1E601D9F00F7D202 /* AppDelegate.swift in Sources */,
			);
			runOnlyForDeploymentPostprocessing = 0;
		};
/* End PBXSourcesBuildPhase section */

/* Begin PBXVariantGroup section */
		91B937921E601D9F00F7D202 /* Main.storyboard */ = {
			isa = PBXVariantGroup;
			children = (
				91B937931E601D9F00F7D202 /* Base */,
			);
			name = Main.storyboard;
			sourceTree = "<group>";
		};
		91B937971E601D9F00F7D202 /* LaunchScreen.storyboard */ = {
			isa = PBXVariantGroup;
			children = (
				91B937981E601D9F00F7D202 /* Base */,
			);
			name = LaunchScreen.storyboard;
			sourceTree = "<group>";
		};
/* End PBXVariantGroup section */

/* Begin XCBuildConfiguration section */
		91B9379B1E601D9F00F7D202 /* Debug */ = {
			isa = XCBuildConfiguration;
			buildSettings = {
				ALWAYS_SEARCH_USER_PATHS = NO;
				CLANG_ANALYZER_NONNULL = YES;
				CLANG_CXX_LANGUAGE_STANDARD = "gnu++0x";
				CLANG_CXX_LIBRARY = "libc++";
				CLANG_ENABLE_MODULES = YES;
				CLANG_ENABLE_OBJC_ARC = YES;
				CLANG_WARN_BOOL_CONVERSION = YES;
				CLANG_WARN_CONSTANT_CONVERSION = YES;
				CLANG_WARN_DIRECT_OBJC_ISA_USAGE = YES_ERROR;
				CLANG_WARN_DOCUMENTATION_COMMENTS = YES;
				CLANG_WARN_EMPTY_BODY = YES;
				CLANG_WARN_ENUM_CONVERSION = YES;
				CLANG_WARN_INFINITE_RECURSION = YES;
				CLANG_WARN_INT_CONVERSION = YES;
				CLANG_WARN_OBJC_ROOT_CLASS = YES_ERROR;
				CLANG_WARN_SUSPICIOUS_MOVE = YES;
				CLANG_WARN_UNREACHABLE_CODE = YES;
				CLANG_WARN__DUPLICATE_METHOD_MATCH = YES;
				"CODE_SIGN_IDENTITY[sdk=iphoneos*]" = "iPhone Developer";
				COPY_PHASE_STRIP = NO;
				DEBUG_INFORMATION_FORMAT = dwarf;
				ENABLE_STRICT_OBJC_MSGSEND = YES;
				ENABLE_TESTABILITY = YES;
				GCC_C_LANGUAGE_STANDARD = gnu99;
				GCC_DYNAMIC_NO_PIC = NO;
				GCC_NO_COMMON_BLOCKS = YES;
				GCC_OPTIMIZATION_LEVEL = 0;
				GCC_PREPROCESSOR_DEFINITIONS = (
					"DEBUG=1",
					"$(inherited)",
				);
				GCC_WARN_64_TO_32_BIT_CONVERSION = YES;
				GCC_WARN_ABOUT_RETURN_TYPE = YES_ERROR;
				GCC_WARN_UNDECLARED_SELECTOR = YES;
				GCC_WARN_UNINITIALIZED_AUTOS = YES_AGGRESSIVE;
				GCC_WARN_UNUSED_FUNCTION = YES;
				GCC_WARN_UNUSED_VARIABLE = YES;
				IPHONEOS_DEPLOYMENT_TARGET = 10.2;
				MTL_ENABLE_DEBUG_INFO = YES;
				ONLY_ACTIVE_ARCH = YES;
				SDKROOT = iphoneos;
				SWIFT_ACTIVE_COMPILATION_CONDITIONS = DEBUG;
				SWIFT_OPTIMIZATION_LEVEL = "-Onone";
				TARGETED_DEVICE_FAMILY = "1,2";
			};
			name = Debug;
		};
		91B9379C1E601D9F00F7D202 /* Release */ = {
			isa = XCBuildConfiguration;
			buildSettings = {
				ALWAYS_SEARCH_USER_PATHS = NO;
				CLANG_ANALYZER_NONNULL = YES;
				CLANG_CXX_LANGUAGE_STANDARD = "gnu++0x";
				CLANG_CXX_LIBRARY = "libc++";
				CLANG_ENABLE_MODULES = YES;
				CLANG_ENABLE_OBJC_ARC = YES;
				CLANG_WARN_BOOL_CONVERSION = YES;
				CLANG_WARN_CONSTANT_CONVERSION = YES;
				CLANG_WARN_DIRECT_OBJC_ISA_USAGE = YES_ERROR;
				CLANG_WARN_DOCUMENTATION_COMMENTS = YES;
				CLANG_WARN_EMPTY_BODY = YES;
				CLANG_WARN_ENUM_CONVERSION = YES;
				CLANG_WARN_INFINITE_RECURSION = YES;
				CLANG_WARN_INT_CONVERSION = YES;
				CLANG_WARN_OBJC_ROOT_CLASS = YES_ERROR;
				CLANG_WARN_SUSPICIOUS_MOVE = YES;
				CLANG_WARN_UNREACHABLE_CODE = YES;
				CLANG_WARN__DUPLICATE_METHOD_MATCH = YES;
				"CODE_SIGN_IDENTITY[sdk=iphoneos*]" = "iPhone Developer";
				COPY_PHASE_STRIP = NO;
				DEBUG_INFORMATION_FORMAT = "dwarf-with-dsym";
				ENABLE_NS_ASSERTIONS = NO;
				ENABLE_STRICT_OBJC_MSGSEND = YES;
				GCC_C_LANGUAGE_STANDARD = gnu99;
				GCC_NO_COMMON_BLOCKS = YES;
				GCC_WARN_64_TO_32_BIT_CONVERSION = YES;
				GCC_WARN_ABOUT_RETURN_TYPE = YES_ERROR;
				GCC_WARN_UNDECLARED_SELECTOR = YES;
				GCC_WARN_UNINITIALIZED_AUTOS = YES_AGGRESSIVE;
				GCC_WARN_UNUSED_FUNCTION = YES;
				GCC_WARN_UNUSED_VARIABLE = YES;
				IPHONEOS_DEPLOYMENT_TARGET = 10.2;
				MTL_ENABLE_DEBUG_INFO = NO;
				SDKROOT = iphoneos;
				SWIFT_OPTIMIZATION_LEVEL = "-Owholemodule";
				TARGETED_DEVICE_FAMILY = "1,2";
				VALIDATE_PRODUCT = YES;
			};
			name = Release;
		};
		91B9379E1E601D9F00F7D202 /* Debug */ = {
			isa = XCBuildConfiguration;
			buildSettings = {
				ASSETCATALOG_COMPILER_APPICON_NAME = AppIcon;
				INFOPLIST_FILE = SwiftJavascriptCore/Info.plist;
				LD_RUNPATH_SEARCH_PATHS = "$(inherited) @executable_path/Frameworks";
				PRODUCT_BUNDLE_IDENTIFIER = com.example.SwiftJavascriptCore;
				PRODUCT_NAME = "$(TARGET_NAME)";
				SWIFT_VERSION = 3.0;
			};
			name = Debug;
		};
		91B9379F1E601D9F00F7D202 /* Release */ = {
			isa = XCBuildConfiguration;
			buildSettings = {
				ASSETCATALOG_COMPILER_APPICON_NAME = AppIcon;
				INFOPLIST_FILE = SwiftJavascriptCore/Info.plist;
				LD_RUNPATH_SEARCH_PATHS = "$(inherited) @executable_path/Frameworks";
				PRODUCT_BUNDLE_IDENTIFIER = com.example.SwiftJavascriptCore;
				PRODUCT_NAME = "$(TARGET_NAME)";
				SWIFT_VERSION = 3.0;
			};
			name = Release;
		};
/* End XCBuildConfiguration section */

/* Begin XCConfigurationList section */
		91B937861E601D9F00F7D202 /* Build configuration list for PBXProject "SwiftJavascriptCore" */ = {
			isa = XCConfigurationList;
			buildConfigurations = (
				91B9379B1E601D9F00F7D202 /* Debug */,
				91B9379C1E601D9F00F7D202 /* Release */,
			);
			defaultConfigurationIsVisible = 0;
			defaultConfigurationName = Release;
		};
		91B9379D1E601D9F00F7D202 /* Build configuration list for PBXNativeTarget "SwiftJavascriptCore" */ = {
			isa = XCConfigurationList;
			buildConfigurations = (
				91B9379E1E601D9F00F7D202 /* Debug */,
				91B9379F1E601D9F00F7D202 /* Release */,
			);
			defaultConfigurationIsVisible = 0;
			defaultConfigurationName = Release;
		};
/* End XCConfigurationList section */
	};
	rootObject = 91B937831E601D9F00F7D202 /* Project object */;
}
